
Microsoft Visual Studio Solution File, Format Version 12.00
# Visual Studio 15
VisualStudioVersion = 15.0.27004.2005
MinimumVisualStudioVersion = 10.0.40219.1
Project("{FAE04EC0-301F-11D3-BF4B-00C04F79EFBC}") = "AirLineManager", "AirLineManager\AirLineManager.csproj", "{46F3554F-D779-40CD-A04D-1C2320071AC7}"
EndProject
Global
	GlobalSection(SolutionConfigurationPlatforms) = preSolution
		Debug|Any CPU = Debug|Any CPU
		Release|Any CPU = Release|Any CPU
	EndGlobalSection
	GlobalSection(ProjectConfigurationPlatforms) = postSolution
		{46F3554F-D779-40CD-A04D-1C2320071AC7}.Debug|Any CPU.ActiveCfg = Debug|Any CPU
		{46F3554F-D779-40CD-A04D-1C2320071AC7}.Debug|Any CPU.Build.0 = Debug|Any CPU
		{46F3554F-D779-40CD-A04D-1C2320071AC7}.Release|Any CPU.ActiveCfg = Release|Any CPU
		{46F3554F-D779-40CD-A04D-1C2320071AC7}.Release|Any CPU.Build.0 = Release|Any CPU
	EndGlobalSection
	GlobalSection(SolutionProperties) = preSolution
		HideSolutionNode = FALSE
	EndGlobalSection
	GlobalSection(ExtensibilityGlobals) = postSolution
		SolutionGuid = {3D042959-AE4A-4506-815F-F894DAD61504}
	EndGlobalSection
EndGlobal
